# THIS IS AN AUTOGENERATED FILE. DO NOT EDIT THIS FILE DIRECTLY.
# yarn lockfile v1


"@rails/request.js@^0.0.9":
  version "0.0.9"
  resolved "https://registry.yarnpkg.com/@rails/request.js/-/request.js-0.0.9.tgz#89e2a575405dc07eb8a9b3d2fe04289e1f057cd0"
  integrity sha512-VleYUyrA3rwKMvYnz7MI9Ada85Vekjb/WVz7NuGgDO24Y3Zy9FFSpDMQW+ea/tlftD+CdX/W/sUosRA9/HkDOQ==
